// !$*UTF8*$!
{
	archiveVersion = 1;
	classes = {
	};
	objectVersion = 46;
	objects = {

/* Begin PBXBuildFile section */
		942247551C4C31800050327F /* PlaySoundsViewController.swift in Sources */ = {isa = PBXBuildFile; fileRef = 942247541C4C31800050327F /* PlaySoundsViewController.swift */; };
		942247581C4C35FD0050327F /* movie_quote.mp3 in Resources */ = {isa = PBXBuildFile; fileRef = 942247571C4C35FD0050327F /* movie_quote.mp3 */; };
		94E6C1481C4AC6E500F729C0 /* AppDelegate.swift in Sources */ = {isa = PBXBuildFile; fileRef = 94E6C1471C4AC6E500F729C0 /* AppDelegate.swift */; };
		94E6C14A1C4AC6E500F729C0 /* ViewController.swift in Sources */ = {isa = PBXBuildFile; fileRef = 94E6C1491C4AC6E500F729C0 /* ViewController.swift */; };
		94E6C14D1C4AC6E500F729C0 /* Main.storyboard in Resources */ = {isa = PBXBuildFile; fileRef = 94E6C14B1C4AC6E500F729C0 /* Main.storyboard */; };
		94E6C14F1C4AC6E500F729C0 /* Assets.xcassets in Resources */ = {isa = PBXBuildFile; fileRef = 94E6C14E1C4AC6E500F729C0 /* Assets.xcassets */; };
		94E6C1521C4AC6E500F729C0 /* LaunchScreen.storyboard in Resources */ = {isa = PBXBuildFile; fileRef = 94E6C1501C4AC6E500F729C0 /* LaunchScreen.storyboard */; };
		94E6C15D1C4AC6E500F729C0 /* PichPerfectUdacityTests.swift in Sources */ = {isa = PBXBuildFile; fileRef = 94E6C15C1C4AC6E500F729C0 /* PichPerfectUdacityTests.swift */; };
/* End PBXBuildFile section */

/* Begin PBXContainerItemProxy section */
		94E6C1591C4AC6E500F729C0 /* PBXContainerItemProxy */ = {
			isa = PBXContainerItemProxy;
			containerPortal = 94E6C13C1C4AC6E500F729C0 /* Project object */;
			proxyType = 1;
			remoteGlobalIDString = 94E6C1431C4AC6E500F729C0;
			remoteInfo = PichPerfectUdacity;
		};
/* End PBXContainerItemProxy section */

/* Begin PBXFileReference section */
		942247541C4C31800050327F /* PlaySoundsViewController.swift */ = {isa = PBXFileReference; fileEncoding = 4; lastKnownFileType = sourcecode.swift; path = PlaySoundsViewController.swift; sourceTree = "<group>"; };
		942247571C4C35FD0050327F /* movie_quote.mp3 */ = {isa = PBXFileReference; lastKnownFileType = audio.mp3; path = movie_quote.mp3; sourceTree = "<group>"; };
		94E6C1441C4AC6E500F729C0 /* PichPerfectUdacity.app */ = {isa = PBXFileReference; explicitFileType = wrapper.application; includeInIndex = 0; path = PichPerfectUdacity.app; sourceTree = BUILT_PRODUCTS_DIR; };
		94E6C1471C4AC6E500F729C0 /* AppDelegate.swift */ = {isa = PBXFileReference; lastKnownFileType = sourcecode.swift; path = AppDelegate.swift; sourceTree = "<group>"; };
		94E6C1491C4AC6E500F729C0 /* ViewController.swift */ = {isa = PBXFileReference; lastKnownFileType = sourcecode.swift; path = ViewController.swift; sourceTree = "<group>"; };
		94E6C14C1C4AC6E500F729C0 /* Base */ = {isa = PBXFileReference; lastKnownFileType = file.storyboard; name = Base; path = Base.lproj/Main.storyboard; sourceTree = "<group>"; };
		94E6C14E1C4AC6E500F729C0 /* Assets.xcassets */ = {isa = PBXFileReference; lastKnownFileType = folder.assetcatalog; path = Assets.xcassets; sourceTree = "<group>"; };
		94E6C1511C4AC6E500F729C0 /* Base */ = {isa = PBXFileReference; lastKnownFileType = file.storyboard; name = Base; path = Base.lproj/LaunchScreen.storyboard; sourceTree = "<group>"; };
		94E6C1531C4AC6E500F729C0 /* Info.plist */ = {isa = PBXFileReference; lastKnownFileType = text.plist.xml; path = Info.plist; sourceTree = "<group>"; };
		94E6C1581C4AC6E500F729C0 /* PichPerfectUdacityTests.xctest */ = {isa = PBXFileReference; explicitFileType = wrapper.cfbundle; includeInIndex = 0; path = PichPerfectUdacityTests.xctest; sourceTree = BUILT_PRODUCTS_DIR; };
		94E6C15C1C4AC6E500F729C0 /* PichPerfectUdacityTests.swift */ = {isa = PBXFileReference; lastKnownFileType = sourcecode.swift; path = PichPerfectUdacityTests.swift; sourceTree = "<group>"; };
		94E6C15E1C4AC6E500F729C0 /* Info.plist */ = {isa = PBXFileReference; lastKnownFileType = text.plist.xml; path = Info.plist; sourceTree = "<group>"; };
/* End PBXFileReference section */

/* Begin PBXFrameworksBuildPhase section */
		94E6C1411C4AC6E500F729C0 /* Frameworks */ = {
			isa = PBXFrameworksBuildPhase;
			buildActionMask = 2147483647;
			files = (
			);
			runOnlyForDeploymentPostprocessing = 0;
		};
		94E6C1551C4AC6E500F729C0 /* Frameworks */ = {
			isa = PBXFrameworksBuildPhase;
			buildActionMask = 2147483647;
			files = (
			);
			runOnlyForDeploymentPostprocessing = 0;
		};
/* End PBXFrameworksBuildPhase section */

/* Begin PBXGroup section */
		94E6C13B1C4AC6E500F729C0 = {
			isa = PBXGroup;
			children = (
				94E6C1461C4AC6E500F729C0 /* PichPerfectUdacity */,
				94E6C15B1C4AC6E500F729C0 /* PichPerfectUdacityTests */,
				94E6C1451C4AC6E500F729C0 /* Products */,
			);
			sourceTree = "<group>";
		};
		94E6C1451C4AC6E500F729C0 /* Products */ = {
			isa = PBXGroup;
			children = (
				94E6C1441C4AC6E500F729C0 /* PichPerfectUdacity.app */,
				94E6C1581C4AC6E500F729C0 /* PichPerfectUdacityTests.xctest */,
			);
			name = Products;
			sourceTree = "<group>";
		};
		94E6C1461C4AC6E500F729C0 /* PichPerfectUdacity */ = {
			isa = PBXGroup;
			children = (
				94E6C1471C4AC6E500F729C0 /* AppDelegate.swift */,
				94E6C1491C4AC6E500F729C0 /* ViewController.swift */,
				942247541C4C31800050327F /* PlaySoundsViewController.swift */,
				94E6C14B1C4AC6E500F729C0 /* Main.storyboard */,
				94E6C14E1C4AC6E500F729C0 /* Assets.xcassets */,
				94E6C1501C4AC6E500F729C0 /* LaunchScreen.storyboard */,
				942247571C4C35FD0050327F /* movie_quote.mp3 */,
				94E6C1531C4AC6E500F729C0 /* Info.plist */,
			);
			path = PichPerfectUdacity;
			sourceTree = "<group>";
		};
		94E6C15B1C4AC6E500F729C0 /* PichPerfectUdacityTests */ = {
			isa = PBXGroup;
			children = (
				94E6C15C1C4AC6E500F729C0 /* PichPerfectUdacityTests.swift */,
				94E6C15E1C4AC6E500F729C0 /* Info.plist */,
			);
			path = PichPerfectUdacityTests;
			sourceTree = "<group>";
		};
/* End PBXGroup section */

/* Begin PBXNativeTarget section */
		94E6C1431C4AC6E500F729C0 /* PichPerfectUdacity */ = {
			isa = PBXNativeTarget;
			buildConfigurationList = 94E6C1611C4AC6E500F729C0 /* Build configuration list for PBXNativeTarget "PichPerfectUdacity" */;
			buildPhases = (
				94E6C1401C4AC6E500F729C0 /* Sources */,
				94E6C1411C4AC6E500F729C0 /* Frameworks */,
				94E6C1421C4AC6E500F729C0 /* Resources */,
			);
			buildRules = (
			);
			dependencies = (
			);
			name = PichPerfectUdacity;
			productName = PichPerfectUdacity;
			productReference = 94E6C1441C4AC6E500F729C0 /* PichPerfectUdacity.app */;
			productType = "com.apple.product-type.application";
		};
		94E6C1571C4AC6E500F729C0 /* PichPerfectUdacityTests */ = {
			isa = PBXNativeTarget;
			buildConfigurationList = 94E6C1641C4AC6E500F729C0 /* Build configuration list for PBXNativeTarget "PichPerfectUdacityTests" */;
			buildPhases = (
				94E6C1541C4AC6E500F729C0 /* Sources */,
				94E6C1551C4AC6E500F729C0 /* Frameworks */,
				94E6C1561C4AC6E500F729C0 /* Resources */,
			);
			buildRules = (
			);
			dependencies = (
				94E6C15A1C4AC6E500F729C0 /* PBXTargetDependency */,
			);
			name = PichPerfectUdacityTests;
			productName = PichPerfectUdacityTests;
			productReference = 94E6C1581C4AC6E500F729C0 /* PichPerfectUdacityTests.xctest */;
			productType = "com.apple.product-type.bundle.unit-test";
		};
/* End PBXNativeTarget section */

/* Begin PBXProject section */
		94E6C13C1C4AC6E500F729C0 /* Project object */ = {
			isa = PBXProject;
			attributes = {
				LastSwiftUpdateCheck = 0720;
				LastUpgradeCheck = 0720;
				ORGANIZATIONNAME = "Gonzalo Salazar Velasquez";
				TargetAttributes = {
					94E6C1431C4AC6E500F729C0 = {
						CreatedOnToolsVersion = 7.2;
						DevelopmentTeam = X6G673882F;
					};
					94E6C1571C4AC6E500F729C0 = {
						CreatedOnToolsVersion = 7.2;
						DevelopmentTeam = X6G673882F;
						TestTargetID = 94E6C1431C4AC6E500F729C0;
					};
				};
			};
			buildConfigurationList = 94E6C13F1C4AC6E500F729C0 /* Build configuration list for PBXProject "PichPerfectUdacity" */;
			compatibilityVersion = "Xcode 3.2";
			developmentRegion = English;
			hasScannedForEncodings = 0;
			knownRegions = (
				en,
				Base,
			);
			mainGroup = 94E6C13B1C4AC6E500F729C0;
			productRefGroup = 94E6C1451C4AC6E500F729C0 /* Products */;
			projectDirPath = "";
			projectRoot = "";
			targets = (
				94E6C1431C4AC6E500F729C0 /* PichPerfectUdacity */,
				94E6C1571C4AC6E500F729C0 /* PichPerfectUdacityTests */,
			);
		};
/* End PBXProject section */

/* Begin PBXResourcesBuildPhase section */
		94E6C1421C4AC6E500F729C0 /* Resources */ = {
			isa = PBXResourcesBuildPhase;
			buildActionMask = 2147483647;
			files = (
				94E6C1521C4AC6E500F729C0 /* LaunchScreen.storyboard in Resources */,
				94E6C14F1C4AC6E500F729C0 /* Assets.xcassets in Resources */,
				942247581C4C35FD0050327F /* movie_quote.mp3 in Resources */,
				94E6C14D1C4AC6E500F729C0 /* Main.storyboard in Resources */,
			);
			runOnlyForDeploymentPostprocessing = 0;
		};
		94E6C1561C4AC6E500F729C0 /* Resources */ = {
			isa = PBXResourcesBuildPhase;
			buildActionMask = 2147483647;
			files = (
			);
			runOnlyForDeploymentPostprocessing = 0;
		};
/* End PBXResourcesBuildPhase section */

/* Begin PBXSourcesBuildPhase section */
		94E6C1401C4AC6E500F729C0 /* Sources */ = {
			isa = PBXSourcesBuildPhase;
			buildActionMask = 2147483647;
			files = (
				94E6C14A1C4AC6E500F729C0 /* ViewController.swift in Sources */,
				942247551C4C31800050327F /* PlaySoundsViewController.swift in Sources */,
				94E6C1481C4AC6E500F729C0 /* AppDelegate.swift in Sources */,
			);
			runOnlyForDeploymentPostprocessing = 0;
		};
		94E6C1541C4AC6E500F729C0 /* Sources */ = {
			isa = PBXSourcesBuildPhase;
			buildActionMask = 2147483647;
			files = (
				94E6C15D1C4AC6E500F729C0 /* PichPerfectUdacityTests.swift in Sources */,
			);
			runOnlyForDeploymentPostprocessing = 0;
		};
/* End PBXSourcesBuildPhase section */

/* Begin PBXTargetDependency section */
		94E6C15A1C4AC6E500F729C0 /* PBXTargetDependency */ = {
			isa = PBXTargetDependency;
			target = 94E6C1431C4AC6E500F729C0 /* PichPerfectUdacity */;
			targetProxy = 94E6C1591C4AC6E500F729C0 /* PBXContainerItemProxy */;
		};
/* End PBXTargetDependency section */

/* Begin PBXVariantGroup section */
		94E6C14B1C4AC6E500F729C0 /* Main.storyboard */ = {
			isa = PBXVariantGroup;
			children = (
				94E6C14C1C4AC6E500F729C0 /* Base */,
			);
			name = Main.storyboard;
			sourceTree = "<group>";
		};
		94E6C1501C4AC6E500F729C0 /* LaunchScreen.storyboard */ = {
			isa = PBXVariantGroup;
			children = (
				94E6C1511C4AC6E500F729C0 /* Base */,
			);
			name = LaunchScreen.storyboard;
			sourceTree = "<group>";
		};
/* End PBXVariantGroup section */

/* Begin XCBuildConfiguration section */
		94E6C15F1C4AC6E500F729C0 /* Debug */ = {
			isa = XCBuildConfiguration;
			buildSettings = {
				ALWAYS_SEARCH_USER_PATHS = NO;
				CLANG_CXX_LANGUAGE_STANDARD = "gnu++0x";
				CLANG_CXX_LIBRARY = "libc++";
				CLANG_ENABLE_MODULES = YES;
				CLANG_ENABLE_OBJC_ARC = YES;
				CLANG_WARN_BOOL_CONVERSION = YES;
				CLANG_WARN_CONSTANT_CONVERSION = YES;
				CLANG_WARN_DIRECT_OBJC_ISA_USAGE = YES_ERROR;
				CLANG_WARN_EMPTY_BODY = YES;
				CLANG_WARN_ENUM_CONVERSION = YES;
				CLANG_WARN_INT_CONVERSION = YES;
				CLANG_WARN_OBJC_ROOT_CLASS = YES_ERROR;
				CLANG_WARN_UNREACHABLE_CODE = YES;
				CLANG_WARN__DUPLICATE_METHOD_MATCH = YES;
				"CODE_SIGN_IDENTITY[sdk=iphoneos*]" = "iPhone Developer";
				COPY_PHASE_STRIP = NO;
				DEBUG_INFORMATION_FORMAT = dwarf;
				ENABLE_STRICT_OBJC_MSGSEND = YES;
				ENABLE_TESTABILITY = YES;
				GCC_C_LANGUAGE_STANDARD = gnu99;
				GCC_DYNAMIC_NO_PIC = NO;
				GCC_NO_COMMON_BLOCKS = YES;
				GCC_OPTIMIZATION_LEVEL = 0;
				GCC_PREPROCESSOR_DEFINITIONS = (
					"DEBUG=1",
					"$(inherited)",
				);
				GCC_WARN_64_TO_32_BIT_CONVERSION = YES;
				GCC_WARN_ABOUT_RETURN_TYPE = YES_ERROR;
				GCC_WARN_UNDECLARED_SELECTOR = YES;
				GCC_WARN_UNINITIALIZED_AUTOS = YES_AGGRESSIVE;
				GCC_WARN_UNUSED_FUNCTION = YES;
				GCC_WARN_UNUSED_VARIABLE = YES;
				IPHONEOS_DEPLOYMENT_TARGET = 9.2;
				MTL_ENABLE_DEBUG_INFO = YES;
				ONLY_ACTIVE_ARCH = YES;
				SDKROOT = iphoneos;
				SWIFT_OPTIMIZATION_LEVEL = "-Onone";
			};
			name = Debug;
		};
		94E6C1601C4AC6E500F729C0 /* Release */ = {
			isa = XCBuildConfiguration;
			buildSettings = {
				ALWAYS_SEARCH_USER_PATHS = NO;
				CLANG_CXX_LANGUAGE_STANDARD = "gnu++0x";
				CLANG_CXX_LIBRARY = "libc++";
				CLANG_ENABLE_MODULES = YES;
				CLANG_ENABLE_OBJC_ARC = YES;
				CLANG_WARN_BOOL_CONVERSION = YES;
				CLANG_WARN_CONSTANT_CONVERSION = YES;
				CLANG_WARN_DIRECT_OBJC_ISA_USAGE = YES_ERROR;
				CLANG_WARN_EMPTY_BODY = YES;
				CLANG_WARN_ENUM_CONVERSION = YES;
				CLANG_WARN_INT_CONVERSION = YES;
				CLANG_WARN_OBJC_ROOT_CLASS = YES_ERROR;
				CLANG_WARN_UNREACHABLE_CODE = YES;
				CLANG_WARN__DUPLICATE_METHOD_MATCH = YES;
				"CODE_SIGN_IDENTITY[sdk=iphoneos*]" = "iPhone Developer";
				COPY_PHASE_STRIP = NO;
				DEBUG_INFORMATION_FORMAT = "dwarf-with-dsym";
				ENABLE_NS_ASSERTIONS = NO;
				ENABLE_STRICT_OBJC_MSGSEND = YES;
				GCC_C_LANGUAGE_STANDARD = gnu99;
				GCC_NO_COMMON_BLOCKS = YES;
				GCC_WARN_64_TO_32_BIT_CONVERSION = YES;
				GCC_WARN_ABOUT_RETURN_TYPE = YES_ERROR;
				GCC_WARN_UNDECLARED_SELECTOR = YES;
				GCC_WARN_UNINITIALIZED_AUTOS = YES_AGGRESSIVE;
				GCC_WARN_UNUSED_FUNCTION = YES;
				GCC_WARN_UNUSED_VARIABLE = YES;
				IPHONEOS_DEPLOYMENT_TARGET = 9.2;
				MTL_ENABLE_DEBUG_INFO = NO;
				SDKROOT = iphoneos;
				VALIDATE_PRODUCT = YES;
			};
			name = Release;
		};
		94E6C1621C4AC6E500F729C0 /* Debug */ = {
			isa = XCBuildConfiguration;
			buildSettings = {
				ASSETCATALOG_COMPILER_APPICON_NAME = AppIcon;
				INFOPLIST_FILE = PichPerfectUdacity/Info.plist;
				LD_RUNPATH_SEARCH_PATHS = "$(inherited) @executable_path/Frameworks";
				PRODUCT_BUNDLE_IDENTIFIER = com.salazar.velasquez.gonzalo.PichPerfectUdacity;
				PRODUCT_NAME = "$(TARGET_NAME)";
			};
			name = Debug;
		};
		94E6C1631C4AC6E500F729C0 /* Release */ = {
			isa = XCBuildConfiguration;
			buildSettings = {
				ASSETCATALOG_COMPILER_APPICON_NAME = AppIcon;
				INFOPLIST_FILE = PichPerfectUdacity/Info.plist;
				LD_RUNPATH_SEARCH_PATHS = "$(inherited) @executable_path/Frameworks";
				PRODUCT_BUNDLE_IDENTIFIER = com.salazar.velasquez.gonzalo.PichPerfectUdacity;
				PRODUCT_NAME = "$(TARGET_NAME)";
			};
			name = Release;
		};
		94E6C1651C4AC6E500F729C0 /* Debug */ = {
			isa = XCBuildConfiguration;
			buildSettings = {
				BUNDLE_LOADER = "$(TEST_HOST)";
				INFOPLIST_FILE = PichPerfectUdacityTests/Info.plist;
				LD_RUNPATH_SEARCH_PATHS = "$(inherited) @executable_path/Frameworks @loader_path/Frameworks";
				PRODUCT_BUNDLE_IDENTIFIER = com.salazar.velasquez.gonzalo.PichPerfectUdacityTests;
				PRODUCT_NAME = "$(TARGET_NAME)";
				TEST_HOST = "$(BUILT_PRODUCTS_DIR)/PichPerfectUdacity.app/PichPerfectUdacity";
			};
			name = Debug;
		};
		94E6C1661C4AC6E500F729C0 /* Release */ = {
			isa = XCBuildConfiguration;
			buildSettings = {
				BUNDLE_LOADER = "$(TEST_HOST)";
				INFOPLIST_FILE = PichPerfectUdacityTests/Info.plist;
				LD_RUNPATH_SEARCH_PATHS = "$(inherited) @executable_path/Frameworks @loader_path/Frameworks";
				PRODUCT_BUNDLE_IDENTIFIER = com.salazar.velasquez.gonzalo.PichPerfectUdacityTests;
				PRODUCT_NAME = "$(TARGET_NAME)";
				TEST_HOST = "$(BUILT_PRODUCTS_DIR)/PichPerfectUdacity.app/PichPerfectUdacity";
			};
			name = Release;
		};
/* End XCBuildConfiguration section */

/* Begin XCConfigurationList section */
		94E6C13F1C4AC6E500F729C0 /* Build configuration list for PBXProject "PichPerfectUdacity" */ = {
			isa = XCConfigurationList;
			buildConfigurations = (
				94E6C15F1C4AC6E500F729C0 /* Debug */,
				94E6C1601C4AC6E500F729C0 /* Release */,
			);
			defaultConfigurationIsVisible = 0;
			defaultConfigurationName = Release;
		};
		94E6C1611C4AC6E500F729C0 /* Build configuration list for PBXNativeTarget "PichPerfectUdacity" */ = {
			isa = XCConfigurationList;
			buildConfigurations = (
				94E6C1621C4AC6E500F729C0 /* Debug */,
				94E6C1631C4AC6E500F729C0 /* Release */,
			);
			defaultConfigurationIsVisible = 0;
			defaultConfigurationName = Release;
		};
		94E6C1641C4AC6E500F729C0 /* Build configuration list for PBXNativeTarget "PichPerfectUdacityTests" */ = {
			isa = XCConfigurationList;
			buildConfigurations = (
				94E6C1651C4AC6E500F729C0 /* Debug */,
				94E6C1661C4AC6E500F729C0 /* Release */,
			);
			defaultConfigurationIsVisible = 0;
			defaultConfigurationName = Release;
		};
/* End XCConfigurationList section */
	};
	rootObject = 94E6C13C1C4AC6E500F729C0 /* Project object */;
}
